
Microsoft Visual Studio Solution File, Format Version 12.00
# Visual Studio Version 17
VisualStudioVersion = 17.4.33122.133
MinimumVisualStudioVersion = 10.0.40219.1
Project("{8BC9CEB8-8B4A-11D0-8D11-00A0C91BC942}") = "sha256", "sha256.vcxproj", "{C647680D-DAE4-3ACD-A5DC-CEBCF169894C}"
EndProject
Project("{8BC9CEB8-8B4A-11D0-8D11-00A0C91BC942}") = "sha256-example", "sha256-example.vcxproj", "{428750D4-9BFC-308A-B172-5C6D3E3EFF89}"
	ProjectSection(ProjectDependencies) = postProject
		{C647680D-DAE4-3ACD-A5DC-CEBCF169894C} = {C647680D-DAE4-3ACD-A5DC-CEBCF169894C}
	EndProjectSection
EndProject
Global
	GlobalSection(SolutionConfigurationPlatforms) = preSolution
		Debug|x64 = Debug|x64
		MinSizeRel|x64 = MinSizeRel|x64
		Release|x64 = Release|x64
		RelWithDebInfo|x64 = RelWithDebInfo|x64
	EndGlobalSection
	GlobalSection(ProjectConfigurationPlatforms) = postSolution
		{C647680D-DAE4-3ACD-A5DC-CEBCF169894C}.Debug|x64.ActiveCfg = Debug|x64
		{C647680D-DAE4-3ACD-A5DC-CEBCF169894C}.Debug|x64.Build.0 = Debug|x64
		{C647680D-DAE4-3ACD-A5DC-CEBCF169894C}.MinSizeRel|x64.ActiveCfg = MinSizeRel|x64
		{C647680D-DAE4-3ACD-A5DC-CEBCF169894C}.MinSizeRel|x64.Build.0 = MinSizeRel|x64
		{C647680D-DAE4-3ACD-A5DC-CEBCF169894C}.Release|x64.ActiveCfg = Release|x64
		{C647680D-DAE4-3ACD-A5DC-CEBCF169894C}.Release|x64.Build.0 = Release|x64
		{C647680D-DAE4-3ACD-A5DC-CEBCF169894C}.RelWithDebInfo|x64.ActiveCfg = RelWithDebInfo|x64
		{C647680D-DAE4-3ACD-A5DC-CEBCF169894C}.RelWithDebInfo|x64.Build.0 = RelWithDebInfo|x64
		{428750D4-9BFC-308A-B172-5C6D3E3EFF89}.Debug|x64.ActiveCfg = Debug|x64
		{428750D4-9BFC-308A-B172-5C6D3E3EFF89}.Debug|x64.Build.0 = Debug|x64
		{428750D4-9BFC-308A-B172-5C6D3E3EFF89}.MinSizeRel|x64.ActiveCfg = MinSizeRel|x64
		{428750D4-9BFC-308A-B172-5C6D3E3EFF89}.MinSizeRel|x64.Build.0 = MinSizeRel|x64
		{428750D4-9BFC-308A-B172-5C6D3E3EFF89}.Release|x64.ActiveCfg = Release|x64
		{428750D4-9BFC-308A-B172-5C6D3E3EFF89}.Release|x64.Build.0 = Release|x64
		{428750D4-9BFC-308A-B172-5C6D3E3EFF89}.RelWithDebInfo|x64.ActiveCfg = RelWithDebInfo|x64
		{428750D4-9BFC-308A-B172-5C6D3E3EFF89}.RelWithDebInfo|x64.Build.0 = RelWithDebInfo|x64
	EndGlobalSection
	GlobalSection(SolutionProperties) = preSolution
		HideSolutionNode = FALSE
	EndGlobalSection
	GlobalSection(ExtensibilityGlobals) = postSolution
		SolutionGuid = {5F4D23C6-0D0E-3CA1-A91A-54E6EAE0CE81}
	EndGlobalSection
EndGlobal
