<?xml version="1.0" encoding="utf-8"?>
<Project ToolsVersion="4.0" xmlns="http://schemas.microsoft.com/developer/msbuild/2003">
  <ItemGroup>
    <Filter Include="Исходные файлы">
      <UniqueIdentifier>{4FC737F1-C7A5-4376-A066-2A32D752A2FF}</UniqueIdentifier>
      <Extensions>cpp;c;cc;cxx;c++;cppm;ixx;def;odl;idl;hpj;bat;asm;asmx</Extensions>
    </Filter>
    <Filter Include="Файлы заголовков">
      <UniqueIdentifier>{93995380-89BD-4b04-88EB-625FBE52EBFB}</UniqueIdentifier>
      <Extensions>h;hh;hpp;hxx;h++;hm;inl;inc;ipp;xsd</Extensions>
    </Filter>
    <Filter Include="Файлы ресурсов">
      <UniqueIdentifier>{67DA6AB6-F800-4c08-8B7A-83BB121AAD01}</UniqueIdentifier>
      <Extensions>rc;ico;cur;bmp;dlg;rc2;rct;bin;rgs;gif;jpg;jpeg;jpe;resx;tiff;tif;png;wav;mfcribbon-ms</Extensions>
    </Filter>
    <Filter Include="compressions">
      <UniqueIdentifier>{5eb406dd-15b7-45a9-95e3-c616e6393a29}</UniqueIdentifier>
    </Filter>
    <Filter Include="7zip">
      <UniqueIdentifier>{0e19add9-0a1d-4346-a88d-4ad45ee4dcf2}</UniqueIdentifier>
    </Filter>
  </ItemGroup>
  <ItemGroup>
    <ClInclude Include="AssetBundle.h">
      <Filter>Файлы заголовков</Filter>
    </ClInclude>
    <ClInclude Include="ArchiveInfo.h">
      <Filter>Файлы заголовков</Filter>
    </ClInclude>
    <ClInclude Include="LzmaUtil.h">
      <Filter>Файлы заголовков</Filter>
    </ClInclude>
    <ClInclude Include="compressionTypes\lz77\lz77.h">
      <Filter>compressions</Filter>
    </ClInclude>
    <ClInclude Include="compressionTypes\fastari\FastAri.h">
      <Filter>compressions</Filter>
    </ClInclude>
    <ClInclude Include="compressionTypes\fastari\MTAri.h">
      <Filter>compressions</Filter>
    </ClInclude>
  </ItemGroup>
  <ItemGroup>
    <ClCompile Include="AssetBundle.cpp">
      <Filter>Исходные файлы</Filter>
    </ClCompile>
    <ClCompile Include="LzmaUtil.cpp">
      <Filter>Исходные файлы</Filter>
    </ClCompile>
    <ClCompile Include="compressionTypes\lzmasdk\7zCrc.c">
      <Filter>7zip</Filter>
    </ClCompile>
    <ClCompile Include="compressionTypes\lzmasdk\7zCrcOpt.c">
      <Filter>7zip</Filter>
    </ClCompile>
    <ClCompile Include="compressionTypes\lzmasdk\7zDec.c">
      <Filter>7zip</Filter>
    </ClCompile>
    <ClCompile Include="compressionTypes\lzmasdk\7zFile.c">
      <Filter>7zip</Filter>
    </ClCompile>
    <ClCompile Include="compressionTypes\lzmasdk\7zStream.c">
      <Filter>7zip</Filter>
    </ClCompile>
    <ClCompile Include="compressionTypes\lzmasdk\Aes.c">
      <Filter>7zip</Filter>
    </ClCompile>
    <ClCompile Include="compressionTypes\lzmasdk\AesOpt.c">
      <Filter>7zip</Filter>
    </ClCompile>
    <ClCompile Include="compressionTypes\lzmasdk\Alloc.c">
      <Filter>7zip</Filter>
    </ClCompile>
    <ClCompile Include="compressionTypes\lzmasdk\Bcj2.c">
      <Filter>7zip</Filter>
    </ClCompile>
    <ClCompile Include="compressionTypes\lzmasdk\Bcj2Enc.c">
      <Filter>7zip</Filter>
    </ClCompile>
    <ClCompile Include="compressionTypes\lzmasdk\Bra.c">
      <Filter>7zip</Filter>
    </ClCompile>
    <ClCompile Include="compressionTypes\lzmasdk\Bra86.c">
      <Filter>7zip</Filter>
    </ClCompile>
    <ClCompile Include="compressionTypes\lzmasdk\BraIA64.c">
      <Filter>7zip</Filter>
    </ClCompile>
    <ClCompile Include="compressionTypes\lzmasdk\CpuArch.c">
      <Filter>7zip</Filter>
    </ClCompile>
    <ClCompile Include="compressionTypes\lzmasdk\Delta.c">
      <Filter>7zip</Filter>
    </ClCompile>
    <ClCompile Include="compressionTypes\lzmasdk\DllSecur.c">
      <Filter>7zip</Filter>
    </ClCompile>
    <ClCompile Include="compressionTypes\lzmasdk\LzFind.c">
      <Filter>7zip</Filter>
    </ClCompile>
    <ClCompile Include="compressionTypes\lzmasdk\LzFindMt.c">
      <Filter>7zip</Filter>
    </ClCompile>
    <ClCompile Include="compressionTypes\lzmasdk\LzFindOpt.c">
      <Filter>7zip</Filter>
    </ClCompile>
    <ClCompile Include="compressionTypes\lzmasdk\Lzma2Dec.c">
      <Filter>7zip</Filter>
    </ClCompile>
    <ClCompile Include="compressionTypes\lzmasdk\Lzma2DecMt.c">
      <Filter>7zip</Filter>
    </ClCompile>
    <ClCompile Include="compressionTypes\lzmasdk\Lzma2Enc.c">
      <Filter>7zip</Filter>
    </ClCompile>
    <ClCompile Include="compressionTypes\lzmasdk\Lzma86Dec.c">
      <Filter>7zip</Filter>
    </ClCompile>
    <ClCompile Include="compressionTypes\lzmasdk\Lzma86Enc.c">
      <Filter>7zip</Filter>
    </ClCompile>
    <ClCompile Include="compressionTypes\lzmasdk\LzmaDec.c">
      <Filter>7zip</Filter>
    </ClCompile>
    <ClCompile Include="compressionTypes\lzmasdk\LzmaEnc.c">
      <Filter>7zip</Filter>
    </ClCompile>
    <ClCompile Include="compressionTypes\lzmasdk\LzmaLib.c">
      <Filter>7zip</Filter>
    </ClCompile>
    <ClCompile Include="compressionTypes\lzmasdk\MtCoder.c">
      <Filter>7zip</Filter>
    </ClCompile>
    <ClCompile Include="compressionTypes\lzmasdk\MtDec.c">
      <Filter>7zip</Filter>
    </ClCompile>
    <ClCompile Include="compressionTypes\lzmasdk\Ppmd7.c">
      <Filter>7zip</Filter>
    </ClCompile>
    <ClCompile Include="compressionTypes\lzmasdk\Ppmd7Dec.c">
      <Filter>7zip</Filter>
    </ClCompile>
    <ClCompile Include="compressionTypes\lzmasdk\Ppmd7Enc.c">
      <Filter>7zip</Filter>
    </ClCompile>
    <ClCompile Include="compressionTypes\lzmasdk\Sha256.c">
      <Filter>7zip</Filter>
    </ClCompile>
    <ClCompile Include="compressionTypes\lzmasdk\Sha256Opt.c">
      <Filter>7zip</Filter>
    </ClCompile>
    <ClCompile Include="compressionTypes\lzmasdk\Sort.c">
      <Filter>7zip</Filter>
    </ClCompile>
    <ClCompile Include="compressionTypes\lzmasdk\Threads.c">
      <Filter>7zip</Filter>
    </ClCompile>
    <ClCompile Include="compressionTypes\lzmasdk\Xz.c">
      <Filter>7zip</Filter>
    </ClCompile>
    <ClCompile Include="compressionTypes\lzmasdk\XzCrc64.c">
      <Filter>7zip</Filter>
    </ClCompile>
    <ClCompile Include="compressionTypes\lzmasdk\XzCrc64Opt.c">
      <Filter>7zip</Filter>
    </ClCompile>
    <ClCompile Include="compressionTypes\lzmasdk\XzDec.c">
      <Filter>7zip</Filter>
    </ClCompile>
    <ClCompile Include="compressionTypes\lzmasdk\XzEnc.c">
      <Filter>7zip</Filter>
    </ClCompile>
    <ClCompile Include="compressionTypes\lzmasdk\XzIn.c">
      <Filter>7zip</Filter>
    </ClCompile>
    <ClCompile Include="compressionTypes\lzmasdk\7zAlloc.c">
      <Filter>7zip</Filter>
    </ClCompile>
    <ClCompile Include="compressionTypes\lzmasdk\7zArcIn.c">
      <Filter>7zip</Filter>
    </ClCompile>
    <ClCompile Include="compressionTypes\lzmasdk\7zBuf.c">
      <Filter>7zip</Filter>
    </ClCompile>
    <ClCompile Include="compressionTypes\lzmasdk\7zBuf2.c">
      <Filter>7zip</Filter>
    </ClCompile>
    <ClCompile Include="compressionTypes\fastari\FastAri.cpp">
      <Filter>compressions</Filter>
    </ClCompile>
    <ClCompile Include="compressionTypes\fastari\MTAri.cpp">
      <Filter>compressions</Filter>
    </ClCompile>
  </ItemGroup>
  <ItemGroup>
    <None Include="cpp.hint" />
  </ItemGroup>
</Project>